
Microsoft Visual Studio Solution File, Format Version 12.00
# Visual Studio 15
VisualStudioVersion = 15.0.27130.2036
MinimumVisualStudioVersion = 10.0.40219.1
Project("{FAE04EC0-301F-11D3-BF4B-00C04F79EFBC}") = "Mybrary", "Mybrary\Mybrary.csproj", "{C2EA8032-84CA-4722-8DFB-C9A4CC901DB1}"
EndProject
Global
	GlobalSection(SolutionConfigurationPlatforms) = preSolution
		Debug|Any CPU = Debug|Any CPU
		Release|Any CPU = Release|Any CPU
	EndGlobalSection
	GlobalSection(ProjectConfigurationPlatforms) = postSolution
		{C2EA8032-84CA-4722-8DFB-C9A4CC901DB1}.Debug|Any CPU.ActiveCfg = Debug|Any CPU
		{C2EA8032-84CA-4722-8DFB-C9A4CC901DB1}.Debug|Any CPU.Build.0 = Debug|Any CPU
		{C2EA8032-84CA-4722-8DFB-C9A4CC901DB1}.Release|Any CPU.ActiveCfg = Release|Any CPU
		{C2EA8032-84CA-4722-8DFB-C9A4CC901DB1}.Release|Any CPU.Build.0 = Release|Any CPU
	EndGlobalSection
	GlobalSection(SolutionProperties) = preSolution
		HideSolutionNode = FALSE
	EndGlobalSection
	GlobalSection(ExtensibilityGlobals) = postSolution
		SolutionGuid = {E116B4CE-2569-4282-AF70-6E71E20F0284}
	EndGlobalSection
EndGlobal
